
Microsoft Visual Studio Solution File, Format Version 12.00
# Visual Studio Version 17
VisualStudioVersion = 17.12.35527.113 d17.12
MinimumVisualStudioVersion = 10.0.40219.1
Project("{FAE04EC0-301F-11D3-BF4B-00C04F79EFBC}") = "NTacToe.Logic", "NTacToe.Logic\NTacToe.Logic.csproj", "{F7D5EC58-60B2-4553-90AE-42DFA9FE271E}"
EndProject
Project("{FAE04EC0-301F-11D3-BF4B-00C04F79EFBC}") = "NTacToe.Console", "NTacToe.Console\NTacToe.Console.csproj", "{303D8C0A-CA04-4848-829D-929A7F7D6351}"
EndProject
Project("{FAE04EC0-301F-11D3-BF4B-00C04F79EFBC}") = "NTacToe.WPF", "NTacToe.WPF\NTacToe.WPF.csproj", "{17F5281B-B205-41D9-AB04-56353BA1AA9A}"
EndProject
Global
	GlobalSection(SolutionConfigurationPlatforms) = preSolution
		Debug|Any CPU = Debug|Any CPU
		Release|Any CPU = Release|Any CPU
	EndGlobalSection
	GlobalSection(ProjectConfigurationPlatforms) = postSolution
		{F7D5EC58-60B2-4553-90AE-42DFA9FE271E}.Debug|Any CPU.ActiveCfg = Debug|Any CPU
		{F7D5EC58-60B2-4553-90AE-42DFA9FE271E}.Debug|Any CPU.Build.0 = Debug|Any CPU
		{F7D5EC58-60B2-4553-90AE-42DFA9FE271E}.Release|Any CPU.ActiveCfg = Release|Any CPU
		{F7D5EC58-60B2-4553-90AE-42DFA9FE271E}.Release|Any CPU.Build.0 = Release|Any CPU
		{303D8C0A-CA04-4848-829D-929A7F7D6351}.Debug|Any CPU.ActiveCfg = Debug|Any CPU
		{303D8C0A-CA04-4848-829D-929A7F7D6351}.Debug|Any CPU.Build.0 = Debug|Any CPU
		{303D8C0A-CA04-4848-829D-929A7F7D6351}.Release|Any CPU.ActiveCfg = Release|Any CPU
		{303D8C0A-CA04-4848-829D-929A7F7D6351}.Release|Any CPU.Build.0 = Release|Any CPU
		{17F5281B-B205-41D9-AB04-56353BA1AA9A}.Debug|Any CPU.ActiveCfg = Debug|Any CPU
		{17F5281B-B205-41D9-AB04-56353BA1AA9A}.Debug|Any CPU.Build.0 = Debug|Any CPU
		{17F5281B-B205-41D9-AB04-56353BA1AA9A}.Release|Any CPU.ActiveCfg = Release|Any CPU
		{17F5281B-B205-41D9-AB04-56353BA1AA9A}.Release|Any CPU.Build.0 = Release|Any CPU
	EndGlobalSection
	GlobalSection(SolutionProperties) = preSolution
		HideSolutionNode = FALSE
	EndGlobalSection
EndGlobal
